
Microsoft Visual Studio Solution File, Format Version 12.00
# Visual Studio 2013
VisualStudioVersion = 12.0.31101.0
MinimumVisualStudioVersion = 10.0.40219.1
Project("{FAE04EC0-301F-11D3-BF4B-00C04F79EFBC}") = "DT.PCP.Domain", "DT.PCP.Domain\DT.PCP.Domain.csproj", "{4C1F51E6-0E8B-42C5-9856-DBE943B5D0C7}"
EndProject
Project("{2150E333-8FDC-42A3-9474-1A3956D46DE8}") = "Portal", "Portal", "{FF46007E-6F06-4910-880B-A74098145DB2}"
EndProject
Project("{FAE04EC0-301F-11D3-BF4B-00C04F79EFBC}") = "DT.PCP.DataAccess", "DT.PCP.DataAccess\DT.PCP.DataAccess.csproj", "{229C0961-BFEC-4BF4-BB35-518EAC02BFDA}"
EndProject
Project("{2150E333-8FDC-42A3-9474-1A3956D46DE8}") = "DataAccess", "DataAccess", "{A42DFAD6-42C9-4BCC-973E-F29D878C3CE6}"
EndProject
Project("{FAE04EC0-301F-11D3-BF4B-00C04F79EFBC}") = "DT.PCP.DataAccess.Impl", "DT.PCP.DataAccess.Impl\DT.PCP.DataAccess.Impl.csproj", "{15962698-211F-4B41-AAD0-F61F0BF04330}"
EndProject
Project("{FAE04EC0-301F-11D3-BF4B-00C04F79EFBC}") = "DT.PCP.DataAccess.Tests", "DT.PCP.DataAccess.Tests\DT.PCP.DataAccess.Tests.csproj", "{BC97A8CD-8F11-4724-9D3A-E7B56EC3B89A}"
EndProject
Project("{FAE04EC0-301F-11D3-BF4B-00C04F79EFBC}") = "DT.PCP.ServicesProxies", "DT.PCP.ServicesProxies\DT.PCP.ServicesProxies.csproj", "{D73496BE-4D83-4503-A756-EF3C6BBCA722}"
EndProject
Project("{2150E333-8FDC-42A3-9474-1A3956D46DE8}") = "Services", "Services", "{0A02211E-AA40-4F19-A332-55AF07DB4849}"
EndProject
Project("{2150E333-8FDC-42A3-9474-1A3956D46DE8}") = "Domain", "Domain", "{346897A6-9D9B-4150-A420-451F4CA69954}"
EndProject
Project("{2150E333-8FDC-42A3-9474-1A3956D46DE8}") = "Shared", "Shared", "{AB105204-D9BB-4C5C-A41E-55AC6155684B}"
EndProject
Project("{FAE04EC0-301F-11D3-BF4B-00C04F79EFBC}") = "DT.PCP.Logging", "DT.PCP.Logging\DT.PCP.Logging.csproj", "{9EF264B6-2B3D-4F06-9DE1-4E326DCB44F2}"
EndProject
Project("{FAE04EC0-301F-11D3-BF4B-00C04F79EFBC}") = "DT.PCP.Utils", "DT.PCP.Utils\DT.PCP.Utils.csproj", "{FD939F03-A47F-4D2B-B9A5-3646D38AE85F}"
EndProject
Project("{FAE04EC0-301F-11D3-BF4B-00C04F79EFBC}") = "DT.PCP.Utils.Test", "DT.PCP.Utils.Test\DT.PCP.Utils.Test.csproj", "{C29F1E5B-EF1B-42A5-BDF8-D708C9AC2A69}"
EndProject
Project("{FAE04EC0-301F-11D3-BF4B-00C04F79EFBC}") = "DT.PCP.Web.Core", "DT.PCP.Web.Core\DT.PCP.Web.Core.csproj", "{DB6D35AA-DA71-44F6-8142-91DE2ADBA736}"
EndProject
Project("{FAE04EC0-301F-11D3-BF4B-00C04F79EFBC}") = "DT.PCP.Web.Portal", "DT.PCP.Web.Portal\DT.PCP.Web.Portal.csproj", "{D8C982AC-ECD3-4FB7-8447-084E77484FFA}"
EndProject
Project("{FAE04EC0-301F-11D3-BF4B-00C04F79EFBC}") = "DT.PCP.Services", "DT.PCP.Services\DT.PCP.Services.csproj", "{A73A74F7-283B-40A0-820E-B8FA6BEBF244}"
EndProject
Project("{FAE04EC0-301F-11D3-BF4B-00C04F79EFBC}") = "DT.PCP.CommonDomain", "DT.PCP.CommonDomain\DT.PCP.CommonDomain.csproj", "{469AB71E-E75C-4ABD-BAA5-796ABB201C3E}"
EndProject
Project("{FAE04EC0-301F-11D3-BF4B-00C04F79EFBC}") = "DT.PCP.Web.Core.Test", "DT.PCP.Web.Core.Test\DT.PCP.Web.Core.Test.csproj", "{E14DAF37-1EF4-40A6-99B1-BB8A0060CF58}"
EndProject
Project("{FAE04EC0-301F-11D3-BF4B-00C04F79EFBC}") = "DT.PCP.Epay", "DT.PCP.Epay\DT.PCP.Epay.csproj", "{9B4D7DD4-1A0F-4538-9D98-C5EDDBC49EFC}"
EndProject
Project("{FAE04EC0-301F-11D3-BF4B-00C04F79EFBC}") = "DT.PCP.Epay.Test", "DT.PCP.Epay.Test\DT.PCP.Epay.Test.csproj", "{30AF59E4-81BE-4434-8DED-8D23986EEE39}"
EndProject
Project("{FAE04EC0-301F-11D3-BF4B-00C04F79EFBC}") = "DT.PCP.Web.Resources", "DT.PCP.Web.Resources\DT.PCP.Web.Resources.csproj", "{9F6E765F-C9F2-4BF6-BC52-12E13BD6A320}"
EndProject
Project("{FAE04EC0-301F-11D3-BF4B-00C04F79EFBC}") = "DT.PCP.BussinesServices", "DT.PCP.BussinesServices\DT.PCP.BussinesServices.csproj", "{2B89F184-4397-4F32-9F1E-BFC82619C176}"
EndProject
Project("{2150E333-8FDC-42A3-9474-1A3956D46DE8}") = "BussinesServices", "BussinesServices", "{F55AA8C8-D099-4872-91D0-88796DF63BA3}"
EndProject
Project("{FAE04EC0-301F-11D3-BF4B-00C04F79EFBC}") = "DT.PCP.BussinesServices.Impl", "DT.PCP.BussinesServices.Impl\DT.PCP.BussinesServices.Impl.csproj", "{E69850ED-75A7-4C59-A0FE-88CBACDD8046}"
EndProject
Project("{FAE04EC0-301F-11D3-BF4B-00C04F79EFBC}") = "DT.PCP.Utils.Impl", "DT.PCP.Utils.Impl\DT.PCP.Utils.Impl.csproj", "{870715CB-6EC5-4D1F-ABEE-76BB58D6DBCF}"
EndProject
Project("{FAE04EC0-301F-11D3-BF4B-00C04F79EFBC}") = "DT.PCP.Web.ViewModels", "DT.PCP.Web.ViewModels\DT.PCP.Web.ViewModels.csproj", "{7792E27B-1ACC-44FF-8EB4-E8F5FBCA2AB1}"
EndProject
Project("{FAE04EC0-301F-11D3-BF4B-00C04F79EFBC}") = "DT.PCP.ServiceHost", "DT.PCP.ServiceHost\DT.PCP.ServiceHost.csproj", "{D9C8D0AC-7EC3-4F93-AF90-00F4ACF1C7C2}"
EndProject
Project("{FAE04EC0-301F-11D3-BF4B-00C04F79EFBC}") = "DT.PCP.ViolationNotification", "DT.PCP.ViolationNotification\DT.PCP.ViolationNotification.csproj", "{1F679675-B88B-47F8-B587-BC0EF0F583BE}"
EndProject
Project("{FAE04EC0-301F-11D3-BF4B-00C04F79EFBC}") = "DT.PCP.NotificationTemplate", "DT.PCP.NotificationTemplate\DT.PCP.NotificationTemplate.csproj", "{FBFCC20E-5E8F-4E7F-8C42-9032EDA18DC8}"
EndProject
Project("{2150E333-8FDC-42A3-9474-1A3956D46DE8}") = "Azure", "Azure", "{9DBEF450-4B6C-4C93-9F52-EFD60D865AFD}"
EndProject
Project("{F49C1087-0276-3414-85A5-638E675ABA44}") = "DT.PCP.AzureService", "DT.PCP.AzureService\DT.PCP.AzureService.ccproj", "{F9C13F5A-E9C1-4047-984D-21CCE5A86A49}"
EndProject
Project("{FAE04EC0-301F-11D3-BF4B-00C04F79EFBC}") = "DT.PCP.ViolationNotificationWorker", "DT.PCP.ViolationNotificationWorker\DT.PCP.ViolationNotificationWorker.csproj", "{6EF48B39-FC9B-4303-B666-5C77435F5E48}"
EndProject
Project("{2150E333-8FDC-42A3-9474-1A3956D46DE8}") = "Notification", "Notification", "{0B2C2926-48A1-48EA-9E05-656623CEAC0B}"
EndProject
Global
	GlobalSection(SolutionConfigurationPlatforms) = preSolution
		Debug|Any CPU = Debug|Any CPU
		Release|Any CPU = Release|Any CPU
	EndGlobalSection
	GlobalSection(ProjectConfigurationPlatforms) = postSolution
		{4C1F51E6-0E8B-42C5-9856-DBE943B5D0C7}.Debug|Any CPU.ActiveCfg = Debug|Any CPU
		{4C1F51E6-0E8B-42C5-9856-DBE943B5D0C7}.Debug|Any CPU.Build.0 = Debug|Any CPU
		{4C1F51E6-0E8B-42C5-9856-DBE943B5D0C7}.Release|Any CPU.ActiveCfg = Release|Any CPU
		{4C1F51E6-0E8B-42C5-9856-DBE943B5D0C7}.Release|Any CPU.Build.0 = Release|Any CPU
		{229C0961-BFEC-4BF4-BB35-518EAC02BFDA}.Debug|Any CPU.ActiveCfg = Debug|Any CPU
		{229C0961-BFEC-4BF4-BB35-518EAC02BFDA}.Debug|Any CPU.Build.0 = Debug|Any CPU
		{229C0961-BFEC-4BF4-BB35-518EAC02BFDA}.Release|Any CPU.ActiveCfg = Release|Any CPU
		{229C0961-BFEC-4BF4-BB35-518EAC02BFDA}.Release|Any CPU.Build.0 = Release|Any CPU
		{15962698-211F-4B41-AAD0-F61F0BF04330}.Debug|Any CPU.ActiveCfg = Debug|Any CPU
		{15962698-211F-4B41-AAD0-F61F0BF04330}.Debug|Any CPU.Build.0 = Debug|Any CPU
		{15962698-211F-4B41-AAD0-F61F0BF04330}.Release|Any CPU.ActiveCfg = Release|Any CPU
		{15962698-211F-4B41-AAD0-F61F0BF04330}.Release|Any CPU.Build.0 = Release|Any CPU
		{BC97A8CD-8F11-4724-9D3A-E7B56EC3B89A}.Debug|Any CPU.ActiveCfg = Debug|Any CPU
		{BC97A8CD-8F11-4724-9D3A-E7B56EC3B89A}.Debug|Any CPU.Build.0 = Debug|Any CPU
		{BC97A8CD-8F11-4724-9D3A-E7B56EC3B89A}.Release|Any CPU.ActiveCfg = Release|Any CPU
		{BC97A8CD-8F11-4724-9D3A-E7B56EC3B89A}.Release|Any CPU.Build.0 = Release|Any CPU
		{D73496BE-4D83-4503-A756-EF3C6BBCA722}.Debug|Any CPU.ActiveCfg = Debug|Any CPU
		{D73496BE-4D83-4503-A756-EF3C6BBCA722}.Debug|Any CPU.Build.0 = Debug|Any CPU
		{D73496BE-4D83-4503-A756-EF3C6BBCA722}.Release|Any CPU.ActiveCfg = Release|Any CPU
		{D73496BE-4D83-4503-A756-EF3C6BBCA722}.Release|Any CPU.Build.0 = Release|Any CPU
		{9EF264B6-2B3D-4F06-9DE1-4E326DCB44F2}.Debug|Any CPU.ActiveCfg = Debug|Any CPU
		{9EF264B6-2B3D-4F06-9DE1-4E326DCB44F2}.Debug|Any CPU.Build.0 = Debug|Any CPU
		{9EF264B6-2B3D-4F06-9DE1-4E326DCB44F2}.Release|Any CPU.ActiveCfg = Release|Any CPU
		{9EF264B6-2B3D-4F06-9DE1-4E326DCB44F2}.Release|Any CPU.Build.0 = Release|Any CPU
		{FD939F03-A47F-4D2B-B9A5-3646D38AE85F}.Debug|Any CPU.ActiveCfg = Debug|Any CPU
		{FD939F03-A47F-4D2B-B9A5-3646D38AE85F}.Debug|Any CPU.Build.0 = Debug|Any CPU
		{FD939F03-A47F-4D2B-B9A5-3646D38AE85F}.Release|Any CPU.ActiveCfg = Release|Any CPU
		{FD939F03-A47F-4D2B-B9A5-3646D38AE85F}.Release|Any CPU.Build.0 = Release|Any CPU
		{C29F1E5B-EF1B-42A5-BDF8-D708C9AC2A69}.Debug|Any CPU.ActiveCfg = Debug|Any CPU
		{C29F1E5B-EF1B-42A5-BDF8-D708C9AC2A69}.Debug|Any CPU.Build.0 = Debug|Any CPU
		{C29F1E5B-EF1B-42A5-BDF8-D708C9AC2A69}.Release|Any CPU.ActiveCfg = Release|Any CPU
		{C29F1E5B-EF1B-42A5-BDF8-D708C9AC2A69}.Release|Any CPU.Build.0 = Release|Any CPU
		{DB6D35AA-DA71-44F6-8142-91DE2ADBA736}.Debug|Any CPU.ActiveCfg = Debug|Any CPU
		{DB6D35AA-DA71-44F6-8142-91DE2ADBA736}.Debug|Any CPU.Build.0 = Debug|Any CPU
		{DB6D35AA-DA71-44F6-8142-91DE2ADBA736}.Release|Any CPU.ActiveCfg = Release|Any CPU
		{DB6D35AA-DA71-44F6-8142-91DE2ADBA736}.Release|Any CPU.Build.0 = Release|Any CPU
		{D8C982AC-ECD3-4FB7-8447-084E77484FFA}.Debug|Any CPU.ActiveCfg = Debug|Any CPU
		{D8C982AC-ECD3-4FB7-8447-084E77484FFA}.Debug|Any CPU.Build.0 = Debug|Any CPU
		{D8C982AC-ECD3-4FB7-8447-084E77484FFA}.Release|Any CPU.ActiveCfg = Release|Any CPU
		{D8C982AC-ECD3-4FB7-8447-084E77484FFA}.Release|Any CPU.Build.0 = Release|Any CPU
		{A73A74F7-283B-40A0-820E-B8FA6BEBF244}.Debug|Any CPU.ActiveCfg = Debug|Any CPU
		{A73A74F7-283B-40A0-820E-B8FA6BEBF244}.Debug|Any CPU.Build.0 = Debug|Any CPU
		{A73A74F7-283B-40A0-820E-B8FA6BEBF244}.Release|Any CPU.ActiveCfg = Release|Any CPU
		{A73A74F7-283B-40A0-820E-B8FA6BEBF244}.Release|Any CPU.Build.0 = Release|Any CPU
		{469AB71E-E75C-4ABD-BAA5-796ABB201C3E}.Debug|Any CPU.ActiveCfg = Debug|Any CPU
		{469AB71E-E75C-4ABD-BAA5-796ABB201C3E}.Debug|Any CPU.Build.0 = Debug|Any CPU
		{469AB71E-E75C-4ABD-BAA5-796ABB201C3E}.Release|Any CPU.ActiveCfg = Release|Any CPU
		{469AB71E-E75C-4ABD-BAA5-796ABB201C3E}.Release|Any CPU.Build.0 = Release|Any CPU
		{E14DAF37-1EF4-40A6-99B1-BB8A0060CF58}.Debug|Any CPU.ActiveCfg = Debug|Any CPU
		{E14DAF37-1EF4-40A6-99B1-BB8A0060CF58}.Debug|Any CPU.Build.0 = Debug|Any CPU
		{E14DAF37-1EF4-40A6-99B1-BB8A0060CF58}.Release|Any CPU.ActiveCfg = Release|Any CPU
		{E14DAF37-1EF4-40A6-99B1-BB8A0060CF58}.Release|Any CPU.Build.0 = Release|Any CPU
		{9B4D7DD4-1A0F-4538-9D98-C5EDDBC49EFC}.Debug|Any CPU.ActiveCfg = Debug|Any CPU
		{9B4D7DD4-1A0F-4538-9D98-C5EDDBC49EFC}.Debug|Any CPU.Build.0 = Debug|Any CPU
		{9B4D7DD4-1A0F-4538-9D98-C5EDDBC49EFC}.Release|Any CPU.ActiveCfg = Release|Any CPU
		{9B4D7DD4-1A0F-4538-9D98-C5EDDBC49EFC}.Release|Any CPU.Build.0 = Release|Any CPU
		{30AF59E4-81BE-4434-8DED-8D23986EEE39}.Debug|Any CPU.ActiveCfg = Debug|Any CPU
		{30AF59E4-81BE-4434-8DED-8D23986EEE39}.Debug|Any CPU.Build.0 = Debug|Any CPU
		{30AF59E4-81BE-4434-8DED-8D23986EEE39}.Release|Any CPU.ActiveCfg = Release|Any CPU
		{30AF59E4-81BE-4434-8DED-8D23986EEE39}.Release|Any CPU.Build.0 = Release|Any CPU
		{9F6E765F-C9F2-4BF6-BC52-12E13BD6A320}.Debug|Any CPU.ActiveCfg = Debug|Any CPU
		{9F6E765F-C9F2-4BF6-BC52-12E13BD6A320}.Debug|Any CPU.Build.0 = Debug|Any CPU
		{9F6E765F-C9F2-4BF6-BC52-12E13BD6A320}.Release|Any CPU.ActiveCfg = Release|Any CPU
		{9F6E765F-C9F2-4BF6-BC52-12E13BD6A320}.Release|Any CPU.Build.0 = Release|Any CPU
		{2B89F184-4397-4F32-9F1E-BFC82619C176}.Debug|Any CPU.ActiveCfg = Debug|Any CPU
		{2B89F184-4397-4F32-9F1E-BFC82619C176}.Debug|Any CPU.Build.0 = Debug|Any CPU
		{2B89F184-4397-4F32-9F1E-BFC82619C176}.Release|Any CPU.ActiveCfg = Release|Any CPU
		{2B89F184-4397-4F32-9F1E-BFC82619C176}.Release|Any CPU.Build.0 = Release|Any CPU
		{E69850ED-75A7-4C59-A0FE-88CBACDD8046}.Debug|Any CPU.ActiveCfg = Debug|Any CPU
		{E69850ED-75A7-4C59-A0FE-88CBACDD8046}.Debug|Any CPU.Build.0 = Debug|Any CPU
		{E69850ED-75A7-4C59-A0FE-88CBACDD8046}.Release|Any CPU.ActiveCfg = Release|Any CPU
		{E69850ED-75A7-4C59-A0FE-88CBACDD8046}.Release|Any CPU.Build.0 = Release|Any CPU
		{870715CB-6EC5-4D1F-ABEE-76BB58D6DBCF}.Debug|Any CPU.ActiveCfg = Debug|Any CPU
		{870715CB-6EC5-4D1F-ABEE-76BB58D6DBCF}.Debug|Any CPU.Build.0 = Debug|Any CPU
		{870715CB-6EC5-4D1F-ABEE-76BB58D6DBCF}.Release|Any CPU.ActiveCfg = Release|Any CPU
		{870715CB-6EC5-4D1F-ABEE-76BB58D6DBCF}.Release|Any CPU.Build.0 = Release|Any CPU
		{7792E27B-1ACC-44FF-8EB4-E8F5FBCA2AB1}.Debug|Any CPU.ActiveCfg = Debug|Any CPU
		{7792E27B-1ACC-44FF-8EB4-E8F5FBCA2AB1}.Debug|Any CPU.Build.0 = Debug|Any CPU
		{7792E27B-1ACC-44FF-8EB4-E8F5FBCA2AB1}.Release|Any CPU.ActiveCfg = Release|Any CPU
		{7792E27B-1ACC-44FF-8EB4-E8F5FBCA2AB1}.Release|Any CPU.Build.0 = Release|Any CPU
		{D9C8D0AC-7EC3-4F93-AF90-00F4ACF1C7C2}.Debug|Any CPU.ActiveCfg = Debug|Any CPU
		{D9C8D0AC-7EC3-4F93-AF90-00F4ACF1C7C2}.Debug|Any CPU.Build.0 = Debug|Any CPU
		{D9C8D0AC-7EC3-4F93-AF90-00F4ACF1C7C2}.Release|Any CPU.ActiveCfg = Release|Any CPU
		{D9C8D0AC-7EC3-4F93-AF90-00F4ACF1C7C2}.Release|Any CPU.Build.0 = Release|Any CPU
		{1F679675-B88B-47F8-B587-BC0EF0F583BE}.Debug|Any CPU.ActiveCfg = Debug|Any CPU
		{1F679675-B88B-47F8-B587-BC0EF0F583BE}.Debug|Any CPU.Build.0 = Debug|Any CPU
		{1F679675-B88B-47F8-B587-BC0EF0F583BE}.Release|Any CPU.ActiveCfg = Release|Any CPU
		{1F679675-B88B-47F8-B587-BC0EF0F583BE}.Release|Any CPU.Build.0 = Release|Any CPU
		{FBFCC20E-5E8F-4E7F-8C42-9032EDA18DC8}.Debug|Any CPU.ActiveCfg = Debug|Any CPU
		{FBFCC20E-5E8F-4E7F-8C42-9032EDA18DC8}.Debug|Any CPU.Build.0 = Debug|Any CPU
		{FBFCC20E-5E8F-4E7F-8C42-9032EDA18DC8}.Release|Any CPU.ActiveCfg = Release|Any CPU
		{FBFCC20E-5E8F-4E7F-8C42-9032EDA18DC8}.Release|Any CPU.Build.0 = Release|Any CPU
		{F9C13F5A-E9C1-4047-984D-21CCE5A86A49}.Debug|Any CPU.ActiveCfg = Debug|Any CPU
		{F9C13F5A-E9C1-4047-984D-21CCE5A86A49}.Debug|Any CPU.Build.0 = Debug|Any CPU
		{F9C13F5A-E9C1-4047-984D-21CCE5A86A49}.Release|Any CPU.ActiveCfg = Release|Any CPU
		{F9C13F5A-E9C1-4047-984D-21CCE5A86A49}.Release|Any CPU.Build.0 = Release|Any CPU
		{6EF48B39-FC9B-4303-B666-5C77435F5E48}.Debug|Any CPU.ActiveCfg = Debug|Any CPU
		{6EF48B39-FC9B-4303-B666-5C77435F5E48}.Debug|Any CPU.Build.0 = Debug|Any CPU
		{6EF48B39-FC9B-4303-B666-5C77435F5E48}.Release|Any CPU.ActiveCfg = Release|Any CPU
		{6EF48B39-FC9B-4303-B666-5C77435F5E48}.Release|Any CPU.Build.0 = Release|Any CPU
	EndGlobalSection
	GlobalSection(SolutionProperties) = preSolution
		HideSolutionNode = FALSE
	EndGlobalSection
	GlobalSection(NestedProjects) = preSolution
		{4C1F51E6-0E8B-42C5-9856-DBE943B5D0C7} = {346897A6-9D9B-4150-A420-451F4CA69954}
		{229C0961-BFEC-4BF4-BB35-518EAC02BFDA} = {A42DFAD6-42C9-4BCC-973E-F29D878C3CE6}
		{15962698-211F-4B41-AAD0-F61F0BF04330} = {A42DFAD6-42C9-4BCC-973E-F29D878C3CE6}
		{BC97A8CD-8F11-4724-9D3A-E7B56EC3B89A} = {A42DFAD6-42C9-4BCC-973E-F29D878C3CE6}
		{D73496BE-4D83-4503-A756-EF3C6BBCA722} = {0A02211E-AA40-4F19-A332-55AF07DB4849}
		{9EF264B6-2B3D-4F06-9DE1-4E326DCB44F2} = {AB105204-D9BB-4C5C-A41E-55AC6155684B}
		{FD939F03-A47F-4D2B-B9A5-3646D38AE85F} = {AB105204-D9BB-4C5C-A41E-55AC6155684B}
		{C29F1E5B-EF1B-42A5-BDF8-D708C9AC2A69} = {AB105204-D9BB-4C5C-A41E-55AC6155684B}
		{DB6D35AA-DA71-44F6-8142-91DE2ADBA736} = {FF46007E-6F06-4910-880B-A74098145DB2}
		{D8C982AC-ECD3-4FB7-8447-084E77484FFA} = {FF46007E-6F06-4910-880B-A74098145DB2}
		{A73A74F7-283B-40A0-820E-B8FA6BEBF244} = {0A02211E-AA40-4F19-A332-55AF07DB4849}
		{469AB71E-E75C-4ABD-BAA5-796ABB201C3E} = {346897A6-9D9B-4150-A420-451F4CA69954}
		{E14DAF37-1EF4-40A6-99B1-BB8A0060CF58} = {FF46007E-6F06-4910-880B-A74098145DB2}
		{9B4D7DD4-1A0F-4538-9D98-C5EDDBC49EFC} = {AB105204-D9BB-4C5C-A41E-55AC6155684B}
		{30AF59E4-81BE-4434-8DED-8D23986EEE39} = {AB105204-D9BB-4C5C-A41E-55AC6155684B}
		{9F6E765F-C9F2-4BF6-BC52-12E13BD6A320} = {FF46007E-6F06-4910-880B-A74098145DB2}
		{2B89F184-4397-4F32-9F1E-BFC82619C176} = {F55AA8C8-D099-4872-91D0-88796DF63BA3}
		{E69850ED-75A7-4C59-A0FE-88CBACDD8046} = {F55AA8C8-D099-4872-91D0-88796DF63BA3}
		{870715CB-6EC5-4D1F-ABEE-76BB58D6DBCF} = {AB105204-D9BB-4C5C-A41E-55AC6155684B}
		{7792E27B-1ACC-44FF-8EB4-E8F5FBCA2AB1} = {FF46007E-6F06-4910-880B-A74098145DB2}
		{D9C8D0AC-7EC3-4F93-AF90-00F4ACF1C7C2} = {0A02211E-AA40-4F19-A332-55AF07DB4849}
		{1F679675-B88B-47F8-B587-BC0EF0F583BE} = {0B2C2926-48A1-48EA-9E05-656623CEAC0B}
		{FBFCC20E-5E8F-4E7F-8C42-9032EDA18DC8} = {0B2C2926-48A1-48EA-9E05-656623CEAC0B}
		{F9C13F5A-E9C1-4047-984D-21CCE5A86A49} = {9DBEF450-4B6C-4C93-9F52-EFD60D865AFD}
		{6EF48B39-FC9B-4303-B666-5C77435F5E48} = {0B2C2926-48A1-48EA-9E05-656623CEAC0B}
	EndGlobalSection
EndGlobal
